{
  "name": "@ngx-share/buttons",
  "version": "5.0.0-beta.1",
  "lockfileVersion": 1,
  "requires": true,
  "dependencies": {
    "@ngx-share/button": {
      "version": "5.0.0-beta.1",
      "resolved": "https://registry.npmjs.org/@ngx-share/button/-/button-5.0.0-beta.1.tgz",
      "integrity": "sha512-vmw+d+8ZbYRivSvH+d72M/Y6bIihkY3Dh83EwJF3GW+vVaJY9jYMVZN4Q3+mIo7oRPEfEQnSpklITZiqx5JdBw==",
      "requires": {
        "@ngx-share/core": "5.0.0-beta.1"
      }
    },
    "@ngx-share/core": {
      "version": "5.0.0-beta.1",
      "resolved": "https://registry.npmjs.org/@ngx-share/core/-/core-5.0.0-beta.1.tgz",
      "integrity": "sha512-+3tr1dOMmtbJe5dBC985t1NBzNg8+fce38LvjCBFLQgoJ6+WTxYfUOdHjGJYQ8cqvYtq2SCS12qkhbtGLg5Msw=="
    }
  }
}
